
Microsoft Visual Studio Solution File, Format Version 12.00
# Visual Studio Version 16
VisualStudioVersion = 16.0.31624.102
MinimumVisualStudioVersion = 10.0.40219.1
Project("{9A19103F-16F7-4668-BE54-9A1E7A4F7556}") = "ConsoleApp", "ConsoleApp\ConsoleApp.csproj", "{F438794B-6053-4395-952C-67D978B84015}"
EndProject
Project("{2150E333-8FDC-42A3-9474-1A3956D46DE8}") = "Solution Items", "Solution Items", "{610645D4-9E73-4E47-BA81-45280757033B}"
EndProject
Global
	GlobalSection(SolutionConfigurationPlatforms) = preSolution
		Debug|Any CPU = Debug|Any CPU
		Release|Any CPU = Release|Any CPU
	EndGlobalSection
	GlobalSection(ProjectConfigurationPlatforms) = postSolution
		{F438794B-6053-4395-952C-67D978B84015}.Debug|Any CPU.ActiveCfg = Debug|Any CPU
		{F438794B-6053-4395-952C-67D978B84015}.Debug|Any CPU.Build.0 = Debug|Any CPU
		{F438794B-6053-4395-952C-67D978B84015}.Release|Any CPU.ActiveCfg = Release|Any CPU
		{F438794B-6053-4395-952C-67D978B84015}.Release|Any CPU.Build.0 = Release|Any CPU
	EndGlobalSection
	GlobalSection(SolutionProperties) = preSolution
		HideSolutionNode = FALSE
	EndGlobalSection
	GlobalSection(ExtensibilityGlobals) = postSolution
		SolutionGuid = {8A7CA3FA-6043-4FB0-9380-5ACE6FCBFB03}
	EndGlobalSection
EndGlobal
